
Microsoft Visual Studio Solution File, Format Version 12.00
# Visual Studio Version 17
VisualStudioVersion = 17.3.32901.215
MinimumVisualStudioVersion = 10.0.40219.1
Project("{FAE04EC0-301F-11D3-BF4B-00C04F79EFBC}") = "WindowsFormsApp3", "WindowsFormsApp3\WindowsFormsApp3.csproj", "{00FF1A5A-DCE4-4A50-BB85-9A923289E026}"
EndProject
Global
	GlobalSection(SolutionConfigurationPlatforms) = preSolution
		Debug|Any CPU = Debug|Any CPU
		Release|Any CPU = Release|Any CPU
	EndGlobalSection
	GlobalSection(ProjectConfigurationPlatforms) = postSolution
		{00FF1A5A-DCE4-4A50-BB85-9A923289E026}.Debug|Any CPU.ActiveCfg = Debug|Any CPU
		{00FF1A5A-DCE4-4A50-BB85-9A923289E026}.Debug|Any CPU.Build.0 = Debug|Any CPU
		{00FF1A5A-DCE4-4A50-BB85-9A923289E026}.Release|Any CPU.ActiveCfg = Release|Any CPU
		{00FF1A5A-DCE4-4A50-BB85-9A923289E026}.Release|Any CPU.Build.0 = Release|Any CPU
	EndGlobalSection
	GlobalSection(SolutionProperties) = preSolution
		HideSolutionNode = FALSE
	EndGlobalSection
	GlobalSection(ExtensibilityGlobals) = postSolution
		SolutionGuid = {66D4DD42-271F-401E-BD74-E1D0FB70F724}
	EndGlobalSection
EndGlobal
